
Microsoft Visual Studio Solution File, Format Version 12.00
# Visual Studio Version 17
VisualStudioVersion = 17.10.35201.131
MinimumVisualStudioVersion = 10.0.40219.1
Project("{9A19103F-16F7-4668-BE54-9A1E7A4F7556}") = "Ecierge.Uno.App", "Ecierge.Uno.App\Ecierge.Uno.App.csproj", "{85F749FF-5E53-4A47-9CA9-50DEFC4E59BE}"
EndProject
Project("{2150E333-8FDC-42A3-9474-1A3956D46DE8}") = "Tests", "Tests", "{5438ADC2-05AD-4ADC-8A59-2F399185130F}"
EndProject
Project("{9A19103F-16F7-4668-BE54-9A1E7A4F7556}") = "Ecierge.Uno.App.UITests", "Ecierge.Uno.App.UITests\Ecierge.Uno.App.UITests.csproj", "{2C4C35C4-7B62-47C9-A182-7C06EFDE7214}"
EndProject
Project("{9A19103F-16F7-4668-BE54-9A1E7A4F7556}") = "Ecierge.Uno.App.Tests", "Ecierge.Uno.App.Tests\Ecierge.Uno.App.Tests.csproj", "{C7AA450E-ECC1-4449-B146-F4C4C911E0E0}"
EndProject
Project("{2150E333-8FDC-42A3-9474-1A3956D46DE8}") = "Solution Items", "Solution Items", "{2612E8BF-551C-418D-B482-2B5E38039868}"
	ProjectSection(SolutionItems) = preProject
		.gitignore = .gitignore
		Directory.Build.props = Directory.Build.props
		Directory.Build.targets = Directory.Build.targets
		Directory.Packages.props = Directory.Packages.props
		global.json = global.json
		..\..\downloads\solution-config.props = ..\..\downloads\solution-config.props
	EndProjectSection
EndProject
Project("{9A19103F-16F7-4668-BE54-9A1E7A4F7556}") = "Ecierge.Uno.Navigation", "Ecierge.Uno.Navigation\Ecierge.Uno.Navigation.csproj", "{5B10A507-CB8D-4A79-8938-5B4A8CC93E26}"
EndProject
Project("{9A19103F-16F7-4668-BE54-9A1E7A4F7556}") = "OpenIddict.Client.UnoTokenPersistence", "OpenIddict.Client.UnoTokenPersistence\OpenIddict.Client.UnoTokenPersistence.csproj", "{026C81B1-2954-44BE-B720-F30797DEB997}"
EndProject
Project("{FAE04EC0-301F-11D3-BF4B-00C04F79EFBC}") = "Ecierge.Uno.Controls", "Ecierge.Uno.Controls\Ecierge.Uno.Controls.csproj", "{3AE6E80A-503D-41DD-B5C8-A31C2EDC59B4}"
EndProject
Global
	GlobalSection(SolutionConfigurationPlatforms) = preSolution
		Debug|Any CPU = Debug|Any CPU
		Release|Any CPU = Release|Any CPU
	EndGlobalSection
	GlobalSection(ProjectConfigurationPlatforms) = postSolution
		{85F749FF-5E53-4A47-9CA9-50DEFC4E59BE}.Debug|Any CPU.ActiveCfg = Debug|Any CPU
		{85F749FF-5E53-4A47-9CA9-50DEFC4E59BE}.Debug|Any CPU.Build.0 = Debug|Any CPU
		{85F749FF-5E53-4A47-9CA9-50DEFC4E59BE}.Debug|Any CPU.Deploy.0 = Debug|Any CPU
		{85F749FF-5E53-4A47-9CA9-50DEFC4E59BE}.Release|Any CPU.ActiveCfg = Release|Any CPU
		{85F749FF-5E53-4A47-9CA9-50DEFC4E59BE}.Release|Any CPU.Build.0 = Release|Any CPU
		{85F749FF-5E53-4A47-9CA9-50DEFC4E59BE}.Release|Any CPU.Deploy.0 = Release|Any CPU
		{2C4C35C4-7B62-47C9-A182-7C06EFDE7214}.Debug|Any CPU.ActiveCfg = Debug|Any CPU
		{2C4C35C4-7B62-47C9-A182-7C06EFDE7214}.Debug|Any CPU.Build.0 = Debug|Any CPU
		{2C4C35C4-7B62-47C9-A182-7C06EFDE7214}.Debug|Any CPU.Deploy.0 = Debug|Any CPU
		{2C4C35C4-7B62-47C9-A182-7C06EFDE7214}.Release|Any CPU.ActiveCfg = Release|Any CPU
		{2C4C35C4-7B62-47C9-A182-7C06EFDE7214}.Release|Any CPU.Build.0 = Release|Any CPU
		{2C4C35C4-7B62-47C9-A182-7C06EFDE7214}.Release|Any CPU.Deploy.0 = Release|Any CPU
		{C7AA450E-ECC1-4449-B146-F4C4C911E0E0}.Debug|Any CPU.ActiveCfg = Debug|Any CPU
		{C7AA450E-ECC1-4449-B146-F4C4C911E0E0}.Debug|Any CPU.Build.0 = Debug|Any CPU
		{C7AA450E-ECC1-4449-B146-F4C4C911E0E0}.Debug|Any CPU.Deploy.0 = Debug|Any CPU
		{C7AA450E-ECC1-4449-B146-F4C4C911E0E0}.Release|Any CPU.ActiveCfg = Release|Any CPU
		{C7AA450E-ECC1-4449-B146-F4C4C911E0E0}.Release|Any CPU.Build.0 = Release|Any CPU
		{C7AA450E-ECC1-4449-B146-F4C4C911E0E0}.Release|Any CPU.Deploy.0 = Release|Any CPU
		{5B10A507-CB8D-4A79-8938-5B4A8CC93E26}.Debug|Any CPU.ActiveCfg = Debug|Any CPU
		{5B10A507-CB8D-4A79-8938-5B4A8CC93E26}.Debug|Any CPU.Build.0 = Debug|Any CPU
		{5B10A507-CB8D-4A79-8938-5B4A8CC93E26}.Release|Any CPU.ActiveCfg = Release|Any CPU
		{5B10A507-CB8D-4A79-8938-5B4A8CC93E26}.Release|Any CPU.Build.0 = Release|Any CPU
		{026C81B1-2954-44BE-B720-F30797DEB997}.Debug|Any CPU.ActiveCfg = Debug|Any CPU
		{026C81B1-2954-44BE-B720-F30797DEB997}.Debug|Any CPU.Build.0 = Debug|Any CPU
		{026C81B1-2954-44BE-B720-F30797DEB997}.Release|Any CPU.ActiveCfg = Release|Any CPU
		{026C81B1-2954-44BE-B720-F30797DEB997}.Release|Any CPU.Build.0 = Release|Any CPU
		{3AE6E80A-503D-41DD-B5C8-A31C2EDC59B4}.Debug|Any CPU.ActiveCfg = Debug|Any CPU
		{3AE6E80A-503D-41DD-B5C8-A31C2EDC59B4}.Debug|Any CPU.Build.0 = Debug|Any CPU
		{3AE6E80A-503D-41DD-B5C8-A31C2EDC59B4}.Release|Any CPU.ActiveCfg = Release|Any CPU
		{3AE6E80A-503D-41DD-B5C8-A31C2EDC59B4}.Release|Any CPU.Build.0 = Release|Any CPU
	EndGlobalSection
	GlobalSection(SolutionProperties) = preSolution
		HideSolutionNode = FALSE
	EndGlobalSection
	GlobalSection(NestedProjects) = preSolution
		{2C4C35C4-7B62-47C9-A182-7C06EFDE7214} = {5438ADC2-05AD-4ADC-8A59-2F399185130F}
		{C7AA450E-ECC1-4449-B146-F4C4C911E0E0} = {5438ADC2-05AD-4ADC-8A59-2F399185130F}
	EndGlobalSection
	GlobalSection(ExtensibilityGlobals) = postSolution
		SolutionGuid = {CD480E4A-D91A-42B1-9DA6-9BFE0675C781}
	EndGlobalSection
EndGlobal
